// !$*UTF8*$!
{
	archiveVersion = 1;
	classes = {
	};
	objectVersion = 50;
	objects = {

/* Begin PBXBuildFile section */
		93147E5826408C630044408A /* AppDelegate.swift in Sources */ = {isa = PBXBuildFile; fileRef = 93147E5726408C630044408A /* AppDelegate.swift */; };
		93147E5A26408C630044408A /* SceneDelegate.swift in Sources */ = {isa = PBXBuildFile; fileRef = 93147E5926408C630044408A /* SceneDelegate.swift */; };
		93147E5F26408C630044408A /* Main.storyboard in Resources */ = {isa = PBXBuildFile; fileRef = 93147E5D26408C630044408A /* Main.storyboard */; };
		93147E6126408C670044408A /* Assets.xcassets in Resources */ = {isa = PBXBuildFile; fileRef = 93147E6026408C670044408A /* Assets.xcassets */; };
		93147E6426408C670044408A /* LaunchScreen.storyboard in Resources */ = {isa = PBXBuildFile; fileRef = 93147E6226408C670044408A /* LaunchScreen.storyboard */; };
		93147E78264091AF0044408A /* PokemonController.swift in Sources */ = {isa = PBXBuildFile; fileRef = 93147E77264091AF0044408A /* PokemonController.swift */; };
		93147E7C264091C30044408A /* Pokemon.swift in Sources */ = {isa = PBXBuildFile; fileRef = 93147E7B264091C30044408A /* Pokemon.swift */; };
		93147E82264095260044408A /* PokeError.swift in Sources */ = {isa = PBXBuildFile; fileRef = 93147E81264095260044408A /* PokeError.swift */; };
		93147E872640A6D80044408A /* PokeViewController.swift in Sources */ = {isa = PBXBuildFile; fileRef = 93147E862640A6D80044408A /* PokeViewController.swift */; };
		93EBCF7026509D3600578A29 /* ChooseViewControlelr.swift in Sources */ = {isa = PBXBuildFile; fileRef = 93EBCF6F26509D3600578A29 /* ChooseViewControlelr.swift */; };
		93EBCF732650A6A900578A29 /* PokeCollectionViewCell.swift in Sources */ = {isa = PBXBuildFile; fileRef = 93EBCF722650A6A800578A29 /* PokeCollectionViewCell.swift */; };
		93EBCF772650B2D700578A29 /* CustomView.swift in Sources */ = {isa = PBXBuildFile; fileRef = 93EBCF762650B2D700578A29 /* CustomView.swift */; };
		93EBCFDF2656B5E500578A29 /* Pokeball.swift in Sources */ = {isa = PBXBuildFile; fileRef = 93EBCFDE2656B5E500578A29 /* Pokeball.swift */; };
		93EBCFE22656B6EC00578A29 /* PokeballController.swift in Sources */ = {isa = PBXBuildFile; fileRef = 93EBCFE12656B6EC00578A29 /* PokeballController.swift */; };
		93EBCFE62656DF8D00578A29 /* UIViewControllerExtension.swift in Sources */ = {isa = PBXBuildFile; fileRef = 93EBCFE52656DF8D00578A29 /* UIViewControllerExtension.swift */; };
		93EBCFEB2658045600578A29 /* ChooseDetailTableViewController.swift in Sources */ = {isa = PBXBuildFile; fileRef = 93EBCFEA2658045600578A29 /* ChooseDetailTableViewController.swift */; };
		93EBCFF526581DFF00578A29 /* DetailTableViewCell.swift in Sources */ = {isa = PBXBuildFile; fileRef = 93EBCFF426581DFF00578A29 /* DetailTableViewCell.swift */; };
		93EBCFF826581F9100578A29 /* GameController.swift in Sources */ = {isa = PBXBuildFile; fileRef = 93EBCFF726581F9100578A29 /* GameController.swift */; };
		93EBD0202658DD3D00578A29 /* FavoritesViewController.swift in Sources */ = {isa = PBXBuildFile; fileRef = 93EBD01F2658DD3C00578A29 /* FavoritesViewController.swift */; };
/* End PBXBuildFile section */

/* Begin PBXFileReference section */
		93147E5426408C630044408A /* Pokeball.app */ = {isa = PBXFileReference; explicitFileType = wrapper.application; includeInIndex = 0; path = Pokeball.app; sourceTree = BUILT_PRODUCTS_DIR; };
		93147E5726408C630044408A /* AppDelegate.swift */ = {isa = PBXFileReference; lastKnownFileType = sourcecode.swift; path = AppDelegate.swift; sourceTree = "<group>"; };
		93147E5926408C630044408A /* SceneDelegate.swift */ = {isa = PBXFileReference; lastKnownFileType = sourcecode.swift; path = SceneDelegate.swift; sourceTree = "<group>"; };
		93147E5E26408C630044408A /* Base */ = {isa = PBXFileReference; lastKnownFileType = file.storyboard; name = Base; path = Base.lproj/Main.storyboard; sourceTree = "<group>"; };
		93147E6026408C670044408A /* Assets.xcassets */ = {isa = PBXFileReference; lastKnownFileType = folder.assetcatalog; path = Assets.xcassets; sourceTree = "<group>"; };
		93147E6326408C670044408A /* Base */ = {isa = PBXFileReference; lastKnownFileType = file.storyboard; name = Base; path = Base.lproj/LaunchScreen.storyboard; sourceTree = "<group>"; };
		93147E6526408C670044408A /* Info.plist */ = {isa = PBXFileReference; lastKnownFileType = text.plist.xml; path = Info.plist; sourceTree = "<group>"; };
		93147E77264091AF0044408A /* PokemonController.swift */ = {isa = PBXFileReference; lastKnownFileType = sourcecode.swift; path = PokemonController.swift; sourceTree = "<group>"; };
		93147E7B264091C30044408A /* Pokemon.swift */ = {isa = PBXFileReference; lastKnownFileType = sourcecode.swift; path = Pokemon.swift; sourceTree = "<group>"; };
		93147E81264095260044408A /* PokeError.swift */ = {isa = PBXFileReference; lastKnownFileType = sourcecode.swift; path = PokeError.swift; sourceTree = "<group>"; };
		93147E862640A6D80044408A /* PokeViewController.swift */ = {isa = PBXFileReference; lastKnownFileType = sourcecode.swift; path = PokeViewController.swift; sourceTree = "<group>"; };
		93EBCF6F26509D3600578A29 /* ChooseViewControlelr.swift */ = {isa = PBXFileReference; lastKnownFileType = sourcecode.swift; path = ChooseViewControlelr.swift; sourceTree = "<group>"; };
		93EBCF722650A6A800578A29 /* PokeCollectionViewCell.swift */ = {isa = PBXFileReference; lastKnownFileType = sourcecode.swift; path = PokeCollectionViewCell.swift; sourceTree = "<group>"; };
		93EBCF762650B2D700578A29 /* CustomView.swift */ = {isa = PBXFileReference; lastKnownFileType = sourcecode.swift; path = CustomView.swift; sourceTree = "<group>"; };
		93EBCFDE2656B5E500578A29 /* Pokeball.swift */ = {isa = PBXFileReference; lastKnownFileType = sourcecode.swift; path = Pokeball.swift; sourceTree = "<group>"; };
		93EBCFE12656B6EC00578A29 /* PokeballController.swift */ = {isa = PBXFileReference; lastKnownFileType = sourcecode.swift; path = PokeballController.swift; sourceTree = "<group>"; };
		93EBCFE52656DF8D00578A29 /* UIViewControllerExtension.swift */ = {isa = PBXFileReference; lastKnownFileType = sourcecode.swift; path = UIViewControllerExtension.swift; sourceTree = "<group>"; };
		93EBCFEA2658045600578A29 /* ChooseDetailTableViewController.swift */ = {isa = PBXFileReference; lastKnownFileType = sourcecode.swift; path = ChooseDetailTableViewController.swift; sourceTree = "<group>"; };
		93EBCFF426581DFF00578A29 /* DetailTableViewCell.swift */ = {isa = PBXFileReference; lastKnownFileType = sourcecode.swift; path = DetailTableViewCell.swift; sourceTree = "<group>"; };
		93EBCFF726581F9100578A29 /* GameController.swift */ = {isa = PBXFileReference; lastKnownFileType = sourcecode.swift; path = GameController.swift; sourceTree = "<group>"; };
		93EBD01F2658DD3C00578A29 /* FavoritesViewController.swift */ = {isa = PBXFileReference; lastKnownFileType = sourcecode.swift; path = FavoritesViewController.swift; sourceTree = "<group>"; };
/* End PBXFileReference section */

/* Begin PBXFrameworksBuildPhase section */
		93147E5126408C630044408A /* Frameworks */ = {
			isa = PBXFrameworksBuildPhase;
			buildActionMask = 2147483647;
			files = (
			);
			runOnlyForDeploymentPostprocessing = 0;
		};
/* End PBXFrameworksBuildPhase section */

/* Begin PBXGroup section */
		93147E4B26408C630044408A = {
			isa = PBXGroup;
			children = (
				93147E5626408C630044408A /* Pokeball */,
				93147E5526408C630044408A /* Products */,
			);
			sourceTree = "<group>";
		};
		93147E5526408C630044408A /* Products */ = {
			isa = PBXGroup;
			children = (
				93147E5426408C630044408A /* Pokeball.app */,
			);
			name = Products;
			sourceTree = "<group>";
		};
		93147E5626408C630044408A /* Pokeball */ = {
			isa = PBXGroup;
			children = (
				93147E7026408CC40044408A /* Model */,
				93147E7226408CD00044408A /* Controllers */,
				93147E7426408CEC0044408A /* Views */,
				93147E80264095180044408A /* Helpers+Extensions */,
				93147E6C26408C7F0044408A /* Resources */,
			);
			path = Pokeball;
			sourceTree = "<group>";
		};
		93147E6C26408C7F0044408A /* Resources */ = {
			isa = PBXGroup;
			children = (
				93147E5726408C630044408A /* AppDelegate.swift */,
				93147E5926408C630044408A /* SceneDelegate.swift */,
				93147E6026408C670044408A /* Assets.xcassets */,
				93147E6226408C670044408A /* LaunchScreen.storyboard */,
				93147E6526408C670044408A /* Info.plist */,
			);
			path = Resources;
			sourceTree = "<group>";
		};
		93147E7026408CC40044408A /* Model */ = {
			isa = PBXGroup;
			children = (
				93147E7B264091C30044408A /* Pokemon.swift */,
				93EBCFDE2656B5E500578A29 /* Pokeball.swift */,
			);
			path = Model;
			sourceTree = "<group>";
		};
		93147E7126408CC70044408A /* ModelControllers */ = {
			isa = PBXGroup;
			children = (
				93147E77264091AF0044408A /* PokemonController.swift */,
				93EBCFE12656B6EC00578A29 /* PokeballController.swift */,
				93EBCFF726581F9100578A29 /* GameController.swift */,
			);
			path = ModelControllers;
			sourceTree = "<group>";
		};
		93147E7226408CD00044408A /* Controllers */ = {
			isa = PBXGroup;
			children = (
				93147E7126408CC70044408A /* ModelControllers */,
				93147E7326408CD50044408A /* ViewControllers */,
			);
			path = Controllers;
			sourceTree = "<group>";
		};
		93147E7326408CD50044408A /* ViewControllers */ = {
			isa = PBXGroup;
			children = (
				93147E862640A6D80044408A /* PokeViewController.swift */,
				93EBCF6F26509D3600578A29 /* ChooseViewControlelr.swift */,
				93EBCFEA2658045600578A29 /* ChooseDetailTableViewController.swift */,
				93EBD01F2658DD3C00578A29 /* FavoritesViewController.swift */,
			);
			path = ViewControllers;
			sourceTree = "<group>";
		};
		93147E7426408CEC0044408A /* Views */ = {
			isa = PBXGroup;
			children = (
				93EBCF752650B2AB00578A29 /* CustomViews */,
				93147E7626408CF70044408A /* CustomCells */,
				93147E7526408CEF0044408A /* Storyboards */,
			);
			path = Views;
			sourceTree = "<group>";
		};
		93147E7526408CEF0044408A /* Storyboards */ = {
			isa = PBXGroup;
			children = (
				93147E5D26408C630044408A /* Main.storyboard */,
			);
			path = Storyboards;
			sourceTree = "<group>";
		};
		93147E7626408CF70044408A /* CustomCells */ = {
			isa = PBXGroup;
			children = (
				93EBCF722650A6A800578A29 /* PokeCollectionViewCell.swift */,
				93EBCFF426581DFF00578A29 /* DetailTableViewCell.swift */,
			);
			path = CustomCells;
			sourceTree = "<group>";
		};
		93147E80264095180044408A /* Helpers+Extensions */ = {
			isa = PBXGroup;
			children = (
				93147E81264095260044408A /* PokeError.swift */,
				93EBCFE52656DF8D00578A29 /* UIViewControllerExtension.swift */,
			);
			path = "Helpers+Extensions";
			sourceTree = "<group>";
		};
		93EBCF752650B2AB00578A29 /* CustomViews */ = {
			isa = PBXGroup;
			children = (
				93EBCF762650B2D700578A29 /* CustomView.swift */,
			);
			path = CustomViews;
			sourceTree = "<group>";
		};
/* End PBXGroup section */

/* Begin PBXNativeTarget section */
		93147E5326408C630044408A /* Pokeball */ = {
			isa = PBXNativeTarget;
			buildConfigurationList = 93147E6826408C670044408A /* Build configuration list for PBXNativeTarget "Pokeball" */;
			buildPhases = (
				93147E5026408C630044408A /* Sources */,
				93147E5126408C630044408A /* Frameworks */,
				93147E5226408C630044408A /* Resources */,
			);
			buildRules = (
			);
			dependencies = (
			);
			name = Pokeball;
			productName = Pokeball;
			productReference = 93147E5426408C630044408A /* Pokeball.app */;
			productType = "com.apple.product-type.application";
		};
/* End PBXNativeTarget section */

/* Begin PBXProject section */
		93147E4C26408C630044408A /* Project object */ = {
			isa = PBXProject;
			attributes = {
				LastSwiftUpdateCheck = 1240;
				LastUpgradeCheck = 1240;
				TargetAttributes = {
					93147E5326408C630044408A = {
						CreatedOnToolsVersion = 12.4;
					};
				};
			};
			buildConfigurationList = 93147E4F26408C630044408A /* Build configuration list for PBXProject "Pokeball" */;
			compatibilityVersion = "Xcode 9.3";
			developmentRegion = en;
			hasScannedForEncodings = 0;
			knownRegions = (
				en,
				Base,
			);
			mainGroup = 93147E4B26408C630044408A;
			productRefGroup = 93147E5526408C630044408A /* Products */;
			projectDirPath = "";
			projectRoot = "";
			targets = (
				93147E5326408C630044408A /* Pokeball */,
			);
		};
/* End PBXProject section */

/* Begin PBXResourcesBuildPhase section */
		93147E5226408C630044408A /* Resources */ = {
			isa = PBXResourcesBuildPhase;
			buildActionMask = 2147483647;
			files = (
				93147E6426408C670044408A /* LaunchScreen.storyboard in Resources */,
				93147E6126408C670044408A /* Assets.xcassets in Resources */,
				93147E5F26408C630044408A /* Main.storyboard in Resources */,
			);
			runOnlyForDeploymentPostprocessing = 0;
		};
/* End PBXResourcesBuildPhase section */

/* Begin PBXSourcesBuildPhase section */
		93147E5026408C630044408A /* Sources */ = {
			isa = PBXSourcesBuildPhase;
			buildActionMask = 2147483647;
			files = (
				93147E5826408C630044408A /* AppDelegate.swift in Sources */,
				93EBCFF826581F9100578A29 /* GameController.swift in Sources */,
				93147E7C264091C30044408A /* Pokemon.swift in Sources */,
				93EBCFF526581DFF00578A29 /* DetailTableViewCell.swift in Sources */,
				93147E78264091AF0044408A /* PokemonController.swift in Sources */,
				93EBCF772650B2D700578A29 /* CustomView.swift in Sources */,
				93EBCFEB2658045600578A29 /* ChooseDetailTableViewController.swift in Sources */,
				93147E872640A6D80044408A /* PokeViewController.swift in Sources */,
				93EBCF7026509D3600578A29 /* ChooseViewControlelr.swift in Sources */,
				93EBCF732650A6A900578A29 /* PokeCollectionViewCell.swift in Sources */,
				93EBD0202658DD3D00578A29 /* FavoritesViewController.swift in Sources */,
				93147E82264095260044408A /* PokeError.swift in Sources */,
				93EBCFE62656DF8D00578A29 /* UIViewControllerExtension.swift in Sources */,
				93EBCFE22656B6EC00578A29 /* PokeballController.swift in Sources */,
				93EBCFDF2656B5E500578A29 /* Pokeball.swift in Sources */,
				93147E5A26408C630044408A /* SceneDelegate.swift in Sources */,
			);
			runOnlyForDeploymentPostprocessing = 0;
		};
/* End PBXSourcesBuildPhase section */

/* Begin PBXVariantGroup section */
		93147E5D26408C630044408A /* Main.storyboard */ = {
			isa = PBXVariantGroup;
			children = (
				93147E5E26408C630044408A /* Base */,
			);
			name = Main.storyboard;
			sourceTree = "<group>";
		};
		93147E6226408C670044408A /* LaunchScreen.storyboard */ = {
			isa = PBXVariantGroup;
			children = (
				93147E6326408C670044408A /* Base */,
			);
			name = LaunchScreen.storyboard;
			sourceTree = "<group>";
		};
/* End PBXVariantGroup section */

/* Begin XCBuildConfiguration section */
		93147E6626408C670044408A /* Debug */ = {
			isa = XCBuildConfiguration;
			buildSettings = {
				ALWAYS_SEARCH_USER_PATHS = NO;
				CLANG_ANALYZER_NONNULL = YES;
				CLANG_ANALYZER_NUMBER_OBJECT_CONVERSION = YES_AGGRESSIVE;
				CLANG_CXX_LANGUAGE_STANDARD = "gnu++14";
				CLANG_CXX_LIBRARY = "libc++";
				CLANG_ENABLE_MODULES = YES;
				CLANG_ENABLE_OBJC_ARC = YES;
				CLANG_ENABLE_OBJC_WEAK = YES;
				CLANG_WARN_BLOCK_CAPTURE_AUTORELEASING = YES;
				CLANG_WARN_BOOL_CONVERSION = YES;
				CLANG_WARN_COMMA = YES;
				CLANG_WARN_CONSTANT_CONVERSION = YES;
				CLANG_WARN_DEPRECATED_OBJC_IMPLEMENTATIONS = YES;
				CLANG_WARN_DIRECT_OBJC_ISA_USAGE = YES_ERROR;
				CLANG_WARN_DOCUMENTATION_COMMENTS = YES;
				CLANG_WARN_EMPTY_BODY = YES;
				CLANG_WARN_ENUM_CONVERSION = YES;
				CLANG_WARN_INFINITE_RECURSION = YES;
				CLANG_WARN_INT_CONVERSION = YES;
				CLANG_WARN_NON_LITERAL_NULL_CONVERSION = YES;
				CLANG_WARN_OBJC_IMPLICIT_RETAIN_SELF = YES;
				CLANG_WARN_OBJC_LITERAL_CONVERSION = YES;
				CLANG_WARN_OBJC_ROOT_CLASS = YES_ERROR;
				CLANG_WARN_QUOTED_INCLUDE_IN_FRAMEWORK_HEADER = YES;
				CLANG_WARN_RANGE_LOOP_ANALYSIS = YES;
				CLANG_WARN_STRICT_PROTOTYPES = YES;
				CLANG_WARN_SUSPICIOUS_MOVE = YES;
				CLANG_WARN_UNGUARDED_AVAILABILITY = YES_AGGRESSIVE;
				CLANG_WARN_UNREACHABLE_CODE = YES;
				CLANG_WARN__DUPLICATE_METHOD_MATCH = YES;
				COPY_PHASE_STRIP = NO;
				DEBUG_INFORMATION_FORMAT = dwarf;
				ENABLE_STRICT_OBJC_MSGSEND = YES;
				ENABLE_TESTABILITY = YES;
				GCC_C_LANGUAGE_STANDARD = gnu11;
				GCC_DYNAMIC_NO_PIC = NO;
				GCC_NO_COMMON_BLOCKS = YES;
				GCC_OPTIMIZATION_LEVEL = 0;
				GCC_PREPROCESSOR_DEFINITIONS = (
					"DEBUG=1",
					"$(inherited)",
				);
				GCC_WARN_64_TO_32_BIT_CONVERSION = YES;
				GCC_WARN_ABOUT_RETURN_TYPE = YES_ERROR;
				GCC_WARN_UNDECLARED_SELECTOR = YES;
				GCC_WARN_UNINITIALIZED_AUTOS = YES_AGGRESSIVE;
				GCC_WARN_UNUSED_FUNCTION = YES;
				GCC_WARN_UNUSED_VARIABLE = YES;
				IPHONEOS_DEPLOYMENT_TARGET = 14.4;
				MTL_ENABLE_DEBUG_INFO = INCLUDE_SOURCE;
				MTL_FAST_MATH = YES;
				ONLY_ACTIVE_ARCH = YES;
				SDKROOT = iphoneos;
				SWIFT_ACTIVE_COMPILATION_CONDITIONS = DEBUG;
				SWIFT_OPTIMIZATION_LEVEL = "-Onone";
			};
			name = Debug;
		};
		93147E6726408C670044408A /* Release */ = {
			isa = XCBuildConfiguration;
			buildSettings = {
				ALWAYS_SEARCH_USER_PATHS = NO;
				CLANG_ANALYZER_NONNULL = YES;
				CLANG_ANALYZER_NUMBER_OBJECT_CONVERSION = YES_AGGRESSIVE;
				CLANG_CXX_LANGUAGE_STANDARD = "gnu++14";
				CLANG_CXX_LIBRARY = "libc++";
				CLANG_ENABLE_MODULES = YES;
				CLANG_ENABLE_OBJC_ARC = YES;
				CLANG_ENABLE_OBJC_WEAK = YES;
				CLANG_WARN_BLOCK_CAPTURE_AUTORELEASING = YES;
				CLANG_WARN_BOOL_CONVERSION = YES;
				CLANG_WARN_COMMA = YES;
				CLANG_WARN_CONSTANT_CONVERSION = YES;
				CLANG_WARN_DEPRECATED_OBJC_IMPLEMENTATIONS = YES;
				CLANG_WARN_DIRECT_OBJC_ISA_USAGE = YES_ERROR;
				CLANG_WARN_DOCUMENTATION_COMMENTS = YES;
				CLANG_WARN_EMPTY_BODY = YES;
				CLANG_WARN_ENUM_CONVERSION = YES;
				CLANG_WARN_INFINITE_RECURSION = YES;
				CLANG_WARN_INT_CONVERSION = YES;
				CLANG_WARN_NON_LITERAL_NULL_CONVERSION = YES;
				CLANG_WARN_OBJC_IMPLICIT_RETAIN_SELF = YES;
				CLANG_WARN_OBJC_LITERAL_CONVERSION = YES;
				CLANG_WARN_OBJC_ROOT_CLASS = YES_ERROR;
				CLANG_WARN_QUOTED_INCLUDE_IN_FRAMEWORK_HEADER = YES;
				CLANG_WARN_RANGE_LOOP_ANALYSIS = YES;
				CLANG_WARN_STRICT_PROTOTYPES = YES;
				CLANG_WARN_SUSPICIOUS_MOVE = YES;
				CLANG_WARN_UNGUARDED_AVAILABILITY = YES_AGGRESSIVE;
				CLANG_WARN_UNREACHABLE_CODE = YES;
				CLANG_WARN__DUPLICATE_METHOD_MATCH = YES;
				COPY_PHASE_STRIP = NO;
				DEBUG_INFORMATION_FORMAT = "dwarf-with-dsym";
				ENABLE_NS_ASSERTIONS = NO;
				ENABLE_STRICT_OBJC_MSGSEND = YES;
				GCC_C_LANGUAGE_STANDARD = gnu11;
				GCC_NO_COMMON_BLOCKS = YES;
				GCC_WARN_64_TO_32_BIT_CONVERSION = YES;
				GCC_WARN_ABOUT_RETURN_TYPE = YES_ERROR;
				GCC_WARN_UNDECLARED_SELECTOR = YES;
				GCC_WARN_UNINITIALIZED_AUTOS = YES_AGGRESSIVE;
				GCC_WARN_UNUSED_FUNCTION = YES;
				GCC_WARN_UNUSED_VARIABLE = YES;
				IPHONEOS_DEPLOYMENT_TARGET = 14.4;
				MTL_ENABLE_DEBUG_INFO = NO;
				MTL_FAST_MATH = YES;
				SDKROOT = iphoneos;
				SWIFT_COMPILATION_MODE = wholemodule;
				SWIFT_OPTIMIZATION_LEVEL = "-O";
				VALIDATE_PRODUCT = YES;
			};
			name = Release;
		};
		93147E6926408C670044408A /* Debug */ = {
			isa = XCBuildConfiguration;
			buildSettings = {
				ASSETCATALOG_COMPILER_APPICON_NAME = AppIcon;
				ASSETCATALOG_COMPILER_GLOBAL_ACCENT_COLOR_NAME = AccentColor;
				CODE_SIGN_STYLE = Automatic;
				DEVELOPMENT_TEAM = CYXP9477KA;
				INFOPLIST_FILE = Pokeball/Resources/Info.plist;
				LD_RUNPATH_SEARCH_PATHS = (
					"$(inherited)",
					"@executable_path/Frameworks",
				);
				PRODUCT_BUNDLE_IDENTIFIER = com.bryanworkman.Pokeball;
				PRODUCT_NAME = "$(TARGET_NAME)";
				SWIFT_VERSION = 5.0;
				TARGETED_DEVICE_FAMILY = "1,2";
			};
			name = Debug;
		};
		93147E6A26408C670044408A /* Release */ = {
			isa = XCBuildConfiguration;
			buildSettings = {
				ASSETCATALOG_COMPILER_APPICON_NAME = AppIcon;
				ASSETCATALOG_COMPILER_GLOBAL_ACCENT_COLOR_NAME = AccentColor;
				CODE_SIGN_STYLE = Automatic;
				DEVELOPMENT_TEAM = CYXP9477KA;
				INFOPLIST_FILE = Pokeball/Resources/Info.plist;
				LD_RUNPATH_SEARCH_PATHS = (
					"$(inherited)",
					"@executable_path/Frameworks",
				);
				PRODUCT_BUNDLE_IDENTIFIER = com.bryanworkman.Pokeball;
				PRODUCT_NAME = "$(TARGET_NAME)";
				SWIFT_VERSION = 5.0;
				TARGETED_DEVICE_FAMILY = "1,2";
			};
			name = Release;
		};
/* End XCBuildConfiguration section */

/* Begin XCConfigurationList section */
		93147E4F26408C630044408A /* Build configuration list for PBXProject "Pokeball" */ = {
			isa = XCConfigurationList;
			buildConfigurations = (
				93147E6626408C670044408A /* Debug */,
				93147E6726408C670044408A /* Release */,
			);
			defaultConfigurationIsVisible = 0;
			defaultConfigurationName = Release;
		};
		93147E6826408C670044408A /* Build configuration list for PBXNativeTarget "Pokeball" */ = {
			isa = XCConfigurationList;
			buildConfigurations = (
				93147E6926408C670044408A /* Debug */,
				93147E6A26408C670044408A /* Release */,
			);
			defaultConfigurationIsVisible = 0;
			defaultConfigurationName = Release;
		};
/* End XCConfigurationList section */
	};
	rootObject = 93147E4C26408C630044408A /* Project object */;
}
